
Microsoft Visual Studio Solution File, Format Version 12.00
# Visual Studio Version 17
VisualStudioVersion = 17.0.32126.317
MinimumVisualStudioVersion = 10.0.40219.1
Project("{FAE04EC0-301F-11D3-BF4B-00C04F79EFBC}") = "AEOI.Editor.Web.Server", "AEOI.Editor.Web\Server\AEOI.Editor.Web.Server.csproj", "{7A91D6B1-C675-4571-8404-8A71A7685734}"
EndProject
Project("{FAE04EC0-301F-11D3-BF4B-00C04F79EFBC}") = "AEOI.Editor.Web.Client", "AEOI.Editor.Web\Client\AEOI.Editor.Web.Client.csproj", "{3043683D-FF59-4D51-820F-C5A6F5B3124B}"
EndProject
Project("{FAE04EC0-301F-11D3-BF4B-00C04F79EFBC}") = "AEOI.Editor.Web.Shared", "AEOI.Editor.Web\Shared\AEOI.Editor.Web.Shared.csproj", "{3C91B09B-0DA2-4327-AA5E-3726BF2FCED1}"
EndProject
Global
	GlobalSection(SolutionConfigurationPlatforms) = preSolution
		Debug|Any CPU = Debug|Any CPU
		Release|Any CPU = Release|Any CPU
	EndGlobalSection
	GlobalSection(ProjectConfigurationPlatforms) = postSolution
		{7A91D6B1-C675-4571-8404-8A71A7685734}.Debug|Any CPU.ActiveCfg = Debug|Any CPU
		{7A91D6B1-C675-4571-8404-8A71A7685734}.Debug|Any CPU.Build.0 = Debug|Any CPU
		{7A91D6B1-C675-4571-8404-8A71A7685734}.Release|Any CPU.ActiveCfg = Release|Any CPU
		{7A91D6B1-C675-4571-8404-8A71A7685734}.Release|Any CPU.Build.0 = Release|Any CPU
		{3043683D-FF59-4D51-820F-C5A6F5B3124B}.Debug|Any CPU.ActiveCfg = Debug|Any CPU
		{3043683D-FF59-4D51-820F-C5A6F5B3124B}.Debug|Any CPU.Build.0 = Debug|Any CPU
		{3043683D-FF59-4D51-820F-C5A6F5B3124B}.Release|Any CPU.ActiveCfg = Release|Any CPU
		{3043683D-FF59-4D51-820F-C5A6F5B3124B}.Release|Any CPU.Build.0 = Release|Any CPU
		{3C91B09B-0DA2-4327-AA5E-3726BF2FCED1}.Debug|Any CPU.ActiveCfg = Debug|Any CPU
		{3C91B09B-0DA2-4327-AA5E-3726BF2FCED1}.Debug|Any CPU.Build.0 = Debug|Any CPU
		{3C91B09B-0DA2-4327-AA5E-3726BF2FCED1}.Release|Any CPU.ActiveCfg = Release|Any CPU
		{3C91B09B-0DA2-4327-AA5E-3726BF2FCED1}.Release|Any CPU.Build.0 = Release|Any CPU
	EndGlobalSection
	GlobalSection(SolutionProperties) = preSolution
		HideSolutionNode = FALSE
	EndGlobalSection
	GlobalSection(ExtensibilityGlobals) = postSolution
		SolutionGuid = {18EDD276-076D-434E-A075-57421BA9996C}
	EndGlobalSection
EndGlobal
